// !$*UTF8*$!
{
	archiveVersion = 1;
	classes = {
	};
	objectVersion = 52;
	objects = {

/* Begin PBXBuildFile section */
		4305308B24818F3C0010BDF0 /* AppDelegate.swift in Sources */ = {isa = PBXBuildFile; fileRef = 4305308A24818F3C0010BDF0 /* AppDelegate.swift */; };
		4305308D24818F3C0010BDF0 /* ContentView.swift in Sources */ = {isa = PBXBuildFile; fileRef = 4305308C24818F3C0010BDF0 /* ContentView.swift */; };
		4305308F24818F3F0010BDF0 /* Assets.xcassets in Resources */ = {isa = PBXBuildFile; fileRef = 4305308E24818F3F0010BDF0 /* Assets.xcassets */; };
		4305309224818F3F0010BDF0 /* Preview Assets.xcassets in Resources */ = {isa = PBXBuildFile; fileRef = 4305309124818F3F0010BDF0 /* Preview Assets.xcassets */; };
		4305309524818F3F0010BDF0 /* Main.storyboard in Resources */ = {isa = PBXBuildFile; fileRef = 4305309324818F3F0010BDF0 /* Main.storyboard */; };
		4305309E24818FEE0010BDF0 /* AuthView.swift in Sources */ = {isa = PBXBuildFile; fileRef = 4305309D24818FEE0010BDF0 /* AuthView.swift */; };
		430530A0248190160010BDF0 /* SessionStore.swift in Sources */ = {isa = PBXBuildFile; fileRef = 4305309F248190160010BDF0 /* SessionStore.swift */; };
		430530A6248196540010BDF0 /* HomeView.swift in Sources */ = {isa = PBXBuildFile; fileRef = 430530A5248196540010BDF0 /* HomeView.swift */; };
		430530AE2481A12E0010BDF0 /* LoginRegisterSidebar.swift in Sources */ = {isa = PBXBuildFile; fileRef = 430530AD2481A12E0010BDF0 /* LoginRegisterSidebar.swift */; };
		430530B02481A6AA0010BDF0 /* GoogleService-Info.plist in Resources */ = {isa = PBXBuildFile; fileRef = 430530AF2481A6AA0010BDF0 /* GoogleService-Info.plist */; };
		430530B42481C5030010BDF0 /* MainSideBar.swift in Sources */ = {isa = PBXBuildFile; fileRef = 430530B32481C5020010BDF0 /* MainSideBar.swift */; };
		430530B62481C89A0010BDF0 /* NavView.swift in Sources */ = {isa = PBXBuildFile; fileRef = 430530B52481C89A0010BDF0 /* NavView.swift */; };
		430530B82481DBD10010BDF0 /* UploadView.swift in Sources */ = {isa = PBXBuildFile; fileRef = 430530B72481DBD10010BDF0 /* UploadView.swift */; };
		430530BB24821A6C0010BDF0 /* URLImage in Frameworks */ = {isa = PBXBuildFile; productRef = 430530BA24821A6C0010BDF0 /* URLImage */; };
		430530BE24821BD10010BDF0 /* SDWebImageSwiftUI in Frameworks */ = {isa = PBXBuildFile; productRef = 430530BD24821BD10010BDF0 /* SDWebImageSwiftUI */; };
		43F69B932483292700E8D90E /* GridCard.swift in Sources */ = {isa = PBXBuildFile; fileRef = 43F69B922483292700E8D90E /* GridCard.swift */; };
		43F69B9524832EEB00E8D90E /* PostView.swift in Sources */ = {isa = PBXBuildFile; fileRef = 43F69B9424832EEB00E8D90E /* PostView.swift */; };
		43F69B97248337FE00E8D90E /* WindowController.swift in Sources */ = {isa = PBXBuildFile; fileRef = 43F69B96248337FE00E8D90E /* WindowController.swift */; };
		DBE44168003955FE7E8B468E /* Pods_Disce.framework in Frameworks */ = {isa = PBXBuildFile; fileRef = 3AB4D67AC5C63AB9012FBED2 /* Pods_Disce.framework */; };
/* End PBXBuildFile section */

/* Begin PBXFileReference section */
		3AB4D67AC5C63AB9012FBED2 /* Pods_Disce.framework */ = {isa = PBXFileReference; explicitFileType = wrapper.framework; includeInIndex = 0; path = Pods_Disce.framework; sourceTree = BUILT_PRODUCTS_DIR; };
		4305308724818F3C0010BDF0 /* Disce.app */ = {isa = PBXFileReference; explicitFileType = wrapper.application; includeInIndex = 0; path = Disce.app; sourceTree = BUILT_PRODUCTS_DIR; };
		4305308A24818F3C0010BDF0 /* AppDelegate.swift */ = {isa = PBXFileReference; lastKnownFileType = sourcecode.swift; path = AppDelegate.swift; sourceTree = "<group>"; };
		4305308C24818F3C0010BDF0 /* ContentView.swift */ = {isa = PBXFileReference; lastKnownFileType = sourcecode.swift; path = ContentView.swift; sourceTree = "<group>"; };
		4305308E24818F3F0010BDF0 /* Assets.xcassets */ = {isa = PBXFileReference; lastKnownFileType = folder.assetcatalog; path = Assets.xcassets; sourceTree = "<group>"; };
		4305309124818F3F0010BDF0 /* Preview Assets.xcassets */ = {isa = PBXFileReference; lastKnownFileType = folder.assetcatalog; path = "Preview Assets.xcassets"; sourceTree = "<group>"; };
		4305309424818F3F0010BDF0 /* Base */ = {isa = PBXFileReference; lastKnownFileType = file.storyboard; name = Base; path = Base.lproj/Main.storyboard; sourceTree = "<group>"; };
		4305309624818F400010BDF0 /* Info.plist */ = {isa = PBXFileReference; lastKnownFileType = text.plist.xml; path = Info.plist; sourceTree = "<group>"; };
		4305309724818F400010BDF0 /* Disce.entitlements */ = {isa = PBXFileReference; lastKnownFileType = text.plist.entitlements; path = Disce.entitlements; sourceTree = "<group>"; };
		4305309D24818FEE0010BDF0 /* AuthView.swift */ = {isa = PBXFileReference; lastKnownFileType = sourcecode.swift; path = AuthView.swift; sourceTree = "<group>"; };
		4305309F248190160010BDF0 /* SessionStore.swift */ = {isa = PBXFileReference; lastKnownFileType = sourcecode.swift; path = SessionStore.swift; sourceTree = "<group>"; };
		430530A5248196540010BDF0 /* HomeView.swift */ = {isa = PBXFileReference; lastKnownFileType = sourcecode.swift; name = HomeView.swift; path = /Users/kush/Developer/Disce/Disce/HomeView.swift; sourceTree = "<absolute>"; };
		430530AD2481A12E0010BDF0 /* LoginRegisterSidebar.swift */ = {isa = PBXFileReference; lastKnownFileType = sourcecode.swift; path = LoginRegisterSidebar.swift; sourceTree = "<group>"; };
		430530AF2481A6AA0010BDF0 /* GoogleService-Info.plist */ = {isa = PBXFileReference; fileEncoding = 4; lastKnownFileType = text.plist.xml; name = "GoogleService-Info.plist"; path = "../../../Downloads/GoogleService-Info.plist"; sourceTree = "<group>"; };
		430530B32481C5020010BDF0 /* MainSideBar.swift */ = {isa = PBXFileReference; lastKnownFileType = sourcecode.swift; path = MainSideBar.swift; sourceTree = "<group>"; };
		430530B52481C89A0010BDF0 /* NavView.swift */ = {isa = PBXFileReference; lastKnownFileType = sourcecode.swift; path = NavView.swift; sourceTree = "<group>"; };
		430530B72481DBD10010BDF0 /* UploadView.swift */ = {isa = PBXFileReference; lastKnownFileType = sourcecode.swift; path = UploadView.swift; sourceTree = "<group>"; };
		43F69B922483292700E8D90E /* GridCard.swift */ = {isa = PBXFileReference; lastKnownFileType = sourcecode.swift; path = GridCard.swift; sourceTree = "<group>"; };
		43F69B9424832EEB00E8D90E /* PostView.swift */ = {isa = PBXFileReference; lastKnownFileType = sourcecode.swift; path = PostView.swift; sourceTree = "<group>"; };
		43F69B96248337FE00E8D90E /* WindowController.swift */ = {isa = PBXFileReference; lastKnownFileType = sourcecode.swift; path = WindowController.swift; sourceTree = "<group>"; };
		448CDC86D97B9230A995F914 /* Pods-Disce.release.xcconfig */ = {isa = PBXFileReference; includeInIndex = 1; lastKnownFileType = text.xcconfig; name = "Pods-Disce.release.xcconfig"; path = "Target Support Files/Pods-Disce/Pods-Disce.release.xcconfig"; sourceTree = "<group>"; };
		7928BFCD065402B3FF12F624 /* Pods-Disce.debug.xcconfig */ = {isa = PBXFileReference; includeInIndex = 1; lastKnownFileType = text.xcconfig; name = "Pods-Disce.debug.xcconfig"; path = "Target Support Files/Pods-Disce/Pods-Disce.debug.xcconfig"; sourceTree = "<group>"; };
/* End PBXFileReference section */

/* Begin PBXFrameworksBuildPhase section */
		4305308424818F3C0010BDF0 /* Frameworks */ = {
			isa = PBXFrameworksBuildPhase;
			buildActionMask = 2147483647;
			files = (
				430530BE24821BD10010BDF0 /* SDWebImageSwiftUI in Frameworks */,
				430530BB24821A6C0010BDF0 /* URLImage in Frameworks */,
				DBE44168003955FE7E8B468E /* Pods_Disce.framework in Frameworks */,
			);
			runOnlyForDeploymentPostprocessing = 0;
		};
/* End PBXFrameworksBuildPhase section */

/* Begin PBXGroup section */
		1D9F3FF95478EB4A347D266E /* Frameworks */ = {
			isa = PBXGroup;
			children = (
				3AB4D67AC5C63AB9012FBED2 /* Pods_Disce.framework */,
			);
			name = Frameworks;
			sourceTree = "<group>";
		};
		4305307E24818F3C0010BDF0 = {
			isa = PBXGroup;
			children = (
				4305308924818F3C0010BDF0 /* Disce */,
				4305308824818F3C0010BDF0 /* Products */,
				878121E38083EAE0BA0B83F4 /* Pods */,
				1D9F3FF95478EB4A347D266E /* Frameworks */,
			);
			sourceTree = "<group>";
		};
		4305308824818F3C0010BDF0 /* Products */ = {
			isa = PBXGroup;
			children = (
				4305308724818F3C0010BDF0 /* Disce.app */,
			);
			name = Products;
			sourceTree = "<group>";
		};
		4305308924818F3C0010BDF0 /* Disce */ = {
			isa = PBXGroup;
			children = (
				430530A5248196540010BDF0 /* HomeView.swift */,
				43F69B96248337FE00E8D90E /* WindowController.swift */,
				43F69B922483292700E8D90E /* GridCard.swift */,
				430530B72481DBD10010BDF0 /* UploadView.swift */,
				4305308A24818F3C0010BDF0 /* AppDelegate.swift */,
				4305308C24818F3C0010BDF0 /* ContentView.swift */,
				4305308E24818F3F0010BDF0 /* Assets.xcassets */,
				4305309324818F3F0010BDF0 /* Main.storyboard */,
				4305309624818F400010BDF0 /* Info.plist */,
				4305309724818F400010BDF0 /* Disce.entitlements */,
				4305309024818F3F0010BDF0 /* Preview Content */,
				4305309D24818FEE0010BDF0 /* AuthView.swift */,
				4305309F248190160010BDF0 /* SessionStore.swift */,
				430530AD2481A12E0010BDF0 /* LoginRegisterSidebar.swift */,
				430530AF2481A6AA0010BDF0 /* GoogleService-Info.plist */,
				430530B32481C5020010BDF0 /* MainSideBar.swift */,
				430530B52481C89A0010BDF0 /* NavView.swift */,
				43F69B9424832EEB00E8D90E /* PostView.swift */,
			);
			path = Disce;
			sourceTree = "<group>";
		};
		4305309024818F3F0010BDF0 /* Preview Content */ = {
			isa = PBXGroup;
			children = (
				4305309124818F3F0010BDF0 /* Preview Assets.xcassets */,
			);
			path = "Preview Content";
			sourceTree = "<group>";
		};
		878121E38083EAE0BA0B83F4 /* Pods */ = {
			isa = PBXGroup;
			children = (
				7928BFCD065402B3FF12F624 /* Pods-Disce.debug.xcconfig */,
				448CDC86D97B9230A995F914 /* Pods-Disce.release.xcconfig */,
			);
			path = Pods;
			sourceTree = "<group>";
		};
/* End PBXGroup section */

/* Begin PBXNativeTarget section */
		4305308624818F3C0010BDF0 /* Disce */ = {
			isa = PBXNativeTarget;
			buildConfigurationList = 4305309A24818F400010BDF0 /* Build configuration list for PBXNativeTarget "Disce" */;
			buildPhases = (
				033C426CF0F2A5DF8F880F80 /* [CP] Check Pods Manifest.lock */,
				4305308324818F3C0010BDF0 /* Sources */,
				4305308424818F3C0010BDF0 /* Frameworks */,
				4305308524818F3C0010BDF0 /* Resources */,
				3E1DBBE58E2BFE2823F63486 /* [CP] Embed Pods Frameworks */,
			);
			buildRules = (
			);
			dependencies = (
			);
			name = Disce;
			packageProductDependencies = (
				430530BA24821A6C0010BDF0 /* URLImage */,
				430530BD24821BD10010BDF0 /* SDWebImageSwiftUI */,
			);
			productName = Disce;
			productReference = 4305308724818F3C0010BDF0 /* Disce.app */;
			productType = "com.apple.product-type.application";
		};
/* End PBXNativeTarget section */

/* Begin PBXProject section */
		4305307F24818F3C0010BDF0 /* Project object */ = {
			isa = PBXProject;
			attributes = {
				LastSwiftUpdateCheck = 1140;
				LastUpgradeCheck = 1140;
				ORGANIZATIONNAME = PolyNexus;
				TargetAttributes = {
					4305308624818F3C0010BDF0 = {
						CreatedOnToolsVersion = 11.4.1;
					};
				};
			};
			buildConfigurationList = 4305308224818F3C0010BDF0 /* Build configuration list for PBXProject "Disce" */;
			compatibilityVersion = "Xcode 9.3";
			developmentRegion = en;
			hasScannedForEncodings = 0;
			knownRegions = (
				en,
				Base,
			);
			mainGroup = 4305307E24818F3C0010BDF0;
			packageReferences = (
				430530B924821A6B0010BDF0 /* XCRemoteSwiftPackageReference "url-image" */,
				430530BC24821BD10010BDF0 /* XCRemoteSwiftPackageReference "SDWebImageSwiftUI" */,
			);
			productRefGroup = 4305308824818F3C0010BDF0 /* Products */;
			projectDirPath = "";
			projectRoot = "";
			targets = (
				4305308624818F3C0010BDF0 /* Disce */,
			);
		};
/* End PBXProject section */

/* Begin PBXResourcesBuildPhase section */
		4305308524818F3C0010BDF0 /* Resources */ = {
			isa = PBXResourcesBuildPhase;
			buildActionMask = 2147483647;
			files = (
				4305309524818F3F0010BDF0 /* Main.storyboard in Resources */,
				430530B02481A6AA0010BDF0 /* GoogleService-Info.plist in Resources */,
				4305309224818F3F0010BDF0 /* Preview Assets.xcassets in Resources */,
				4305308F24818F3F0010BDF0 /* Assets.xcassets in Resources */,
			);
			runOnlyForDeploymentPostprocessing = 0;
		};
/* End PBXResourcesBuildPhase section */

/* Begin PBXShellScriptBuildPhase section */
		033C426CF0F2A5DF8F880F80 /* [CP] Check Pods Manifest.lock */ = {
			isa = PBXShellScriptBuildPhase;
			buildActionMask = 2147483647;
			files = (
			);
			inputFileListPaths = (
			);
			inputPaths = (
				"${PODS_PODFILE_DIR_PATH}/Podfile.lock",
				"${PODS_ROOT}/Manifest.lock",
			);
			name = "[CP] Check Pods Manifest.lock";
			outputFileListPaths = (
			);
			outputPaths = (
				"$(DERIVED_FILE_DIR)/Pods-Disce-checkManifestLockResult.txt",
			);
			runOnlyForDeploymentPostprocessing = 0;
			shellPath = /bin/sh;
			shellScript = "diff \"${PODS_PODFILE_DIR_PATH}/Podfile.lock\" \"${PODS_ROOT}/Manifest.lock\" > /dev/null\nif [ $? != 0 ] ; then\n    # print error to STDERR\n    echo \"error: The sandbox is not in sync with the Podfile.lock. Run 'pod install' or update your CocoaPods installation.\" >&2\n    exit 1\nfi\n# This output is used by Xcode 'outputs' to avoid re-running this script phase.\necho \"SUCCESS\" > \"${SCRIPT_OUTPUT_FILE_0}\"\n";
			showEnvVarsInLog = 0;
		};
		3E1DBBE58E2BFE2823F63486 /* [CP] Embed Pods Frameworks */ = {
			isa = PBXShellScriptBuildPhase;
			buildActionMask = 2147483647;
			files = (
			);
			inputFileListPaths = (
				"${PODS_ROOT}/Target Support Files/Pods-Disce/Pods-Disce-frameworks-${CONFIGURATION}-input-files.xcfilelist",
			);
			name = "[CP] Embed Pods Frameworks";
			outputFileListPaths = (
				"${PODS_ROOT}/Target Support Files/Pods-Disce/Pods-Disce-frameworks-${CONFIGURATION}-output-files.xcfilelist",
			);
			runOnlyForDeploymentPostprocessing = 0;
			shellPath = /bin/sh;
			shellScript = "\"${PODS_ROOT}/Target Support Files/Pods-Disce/Pods-Disce-frameworks.sh\"\n";
			showEnvVarsInLog = 0;
		};
/* End PBXShellScriptBuildPhase section */

/* Begin PBXSourcesBuildPhase section */
		4305308324818F3C0010BDF0 /* Sources */ = {
			isa = PBXSourcesBuildPhase;
			buildActionMask = 2147483647;
			files = (
				430530B82481DBD10010BDF0 /* UploadView.swift in Sources */,
				43F69B97248337FE00E8D90E /* WindowController.swift in Sources */,
				430530B62481C89A0010BDF0 /* NavView.swift in Sources */,
				4305308D24818F3C0010BDF0 /* ContentView.swift in Sources */,
				4305308B24818F3C0010BDF0 /* AppDelegate.swift in Sources */,
				430530A6248196540010BDF0 /* HomeView.swift in Sources */,
				430530A0248190160010BDF0 /* SessionStore.swift in Sources */,
				430530B42481C5030010BDF0 /* MainSideBar.swift in Sources */,
				4305309E24818FEE0010BDF0 /* AuthView.swift in Sources */,
				430530AE2481A12E0010BDF0 /* LoginRegisterSidebar.swift in Sources */,
				43F69B932483292700E8D90E /* GridCard.swift in Sources */,
				43F69B9524832EEB00E8D90E /* PostView.swift in Sources */,
			);
			runOnlyForDeploymentPostprocessing = 0;
		};
/* End PBXSourcesBuildPhase section */

/* Begin PBXVariantGroup section */
		4305309324818F3F0010BDF0 /* Main.storyboard */ = {
			isa = PBXVariantGroup;
			children = (
				4305309424818F3F0010BDF0 /* Base */,
			);
			name = Main.storyboard;
			sourceTree = "<group>";
		};
/* End PBXVariantGroup section */

/* Begin XCBuildConfiguration section */
		4305309824818F400010BDF0 /* Debug */ = {
			isa = XCBuildConfiguration;
			buildSettings = {
				ALWAYS_SEARCH_USER_PATHS = NO;
				CLANG_ANALYZER_NONNULL = YES;
				CLANG_ANALYZER_NUMBER_OBJECT_CONVERSION = YES_AGGRESSIVE;
				CLANG_CXX_LANGUAGE_STANDARD = "gnu++14";
				CLANG_CXX_LIBRARY = "libc++";
				CLANG_ENABLE_MODULES = YES;
				CLANG_ENABLE_OBJC_ARC = YES;
				CLANG_ENABLE_OBJC_WEAK = YES;
				CLANG_WARN_BLOCK_CAPTURE_AUTORELEASING = YES;
				CLANG_WARN_BOOL_CONVERSION = YES;
				CLANG_WARN_COMMA = YES;
				CLANG_WARN_CONSTANT_CONVERSION = YES;
				CLANG_WARN_DEPRECATED_OBJC_IMPLEMENTATIONS = YES;
				CLANG_WARN_DIRECT_OBJC_ISA_USAGE = YES_ERROR;
				CLANG_WARN_DOCUMENTATION_COMMENTS = YES;
				CLANG_WARN_EMPTY_BODY = YES;
				CLANG_WARN_ENUM_CONVERSION = YES;
				CLANG_WARN_INFINITE_RECURSION = YES;
				CLANG_WARN_INT_CONVERSION = YES;
				CLANG_WARN_NON_LITERAL_NULL_CONVERSION = YES;
				CLANG_WARN_OBJC_IMPLICIT_RETAIN_SELF = YES;
				CLANG_WARN_OBJC_LITERAL_CONVERSION = YES;
				CLANG_WARN_OBJC_ROOT_CLASS = YES_ERROR;
				CLANG_WARN_RANGE_LOOP_ANALYSIS = YES;
				CLANG_WARN_STRICT_PROTOTYPES = YES;
				CLANG_WARN_SUSPICIOUS_MOVE = YES;
				CLANG_WARN_UNGUARDED_AVAILABILITY = YES_AGGRESSIVE;
				CLANG_WARN_UNREACHABLE_CODE = YES;
				CLANG_WARN__DUPLICATE_METHOD_MATCH = YES;
				COPY_PHASE_STRIP = NO;
				DEBUG_INFORMATION_FORMAT = dwarf;
				ENABLE_STRICT_OBJC_MSGSEND = YES;
				ENABLE_TESTABILITY = YES;
				GCC_C_LANGUAGE_STANDARD = gnu11;
				GCC_DYNAMIC_NO_PIC = NO;
				GCC_NO_COMMON_BLOCKS = YES;
				GCC_OPTIMIZATION_LEVEL = 0;
				GCC_PREPROCESSOR_DEFINITIONS = (
					"DEBUG=1",
					"$(inherited)",
				);
				GCC_WARN_64_TO_32_BIT_CONVERSION = YES;
				GCC_WARN_ABOUT_RETURN_TYPE = YES_ERROR;
				GCC_WARN_UNDECLARED_SELECTOR = YES;
				GCC_WARN_UNINITIALIZED_AUTOS = YES_AGGRESSIVE;
				GCC_WARN_UNUSED_FUNCTION = YES;
				GCC_WARN_UNUSED_VARIABLE = YES;
				MACOSX_DEPLOYMENT_TARGET = 10.15;
				MTL_ENABLE_DEBUG_INFO = INCLUDE_SOURCE;
				MTL_FAST_MATH = YES;
				ONLY_ACTIVE_ARCH = YES;
				SDKROOT = macosx;
				SWIFT_ACTIVE_COMPILATION_CONDITIONS = DEBUG;
				SWIFT_OPTIMIZATION_LEVEL = "-Onone";
			};
			name = Debug;
		};
		4305309924818F400010BDF0 /* Release */ = {
			isa = XCBuildConfiguration;
			buildSettings = {
				ALWAYS_SEARCH_USER_PATHS = NO;
				CLANG_ANALYZER_NONNULL = YES;
				CLANG_ANALYZER_NUMBER_OBJECT_CONVERSION = YES_AGGRESSIVE;
				CLANG_CXX_LANGUAGE_STANDARD = "gnu++14";
				CLANG_CXX_LIBRARY = "libc++";
				CLANG_ENABLE_MODULES = YES;
				CLANG_ENABLE_OBJC_ARC = YES;
				CLANG_ENABLE_OBJC_WEAK = YES;
				CLANG_WARN_BLOCK_CAPTURE_AUTORELEASING = YES;
				CLANG_WARN_BOOL_CONVERSION = YES;
				CLANG_WARN_COMMA = YES;
				CLANG_WARN_CONSTANT_CONVERSION = YES;
				CLANG_WARN_DEPRECATED_OBJC_IMPLEMENTATIONS = YES;
				CLANG_WARN_DIRECT_OBJC_ISA_USAGE = YES_ERROR;
				CLANG_WARN_DOCUMENTATION_COMMENTS = YES;
				CLANG_WARN_EMPTY_BODY = YES;
				CLANG_WARN_ENUM_CONVERSION = YES;
				CLANG_WARN_INFINITE_RECURSION = YES;
				CLANG_WARN_INT_CONVERSION = YES;
				CLANG_WARN_NON_LITERAL_NULL_CONVERSION = YES;
				CLANG_WARN_OBJC_IMPLICIT_RETAIN_SELF = YES;
				CLANG_WARN_OBJC_LITERAL_CONVERSION = YES;
				CLANG_WARN_OBJC_ROOT_CLASS = YES_ERROR;
				CLANG_WARN_RANGE_LOOP_ANALYSIS = YES;
				CLANG_WARN_STRICT_PROTOTYPES = YES;
				CLANG_WARN_SUSPICIOUS_MOVE = YES;
				CLANG_WARN_UNGUARDED_AVAILABILITY = YES_AGGRESSIVE;
				CLANG_WARN_UNREACHABLE_CODE = YES;
				CLANG_WARN__DUPLICATE_METHOD_MATCH = YES;
				COPY_PHASE_STRIP = NO;
				DEBUG_INFORMATION_FORMAT = "dwarf-with-dsym";
				ENABLE_NS_ASSERTIONS = NO;
				ENABLE_STRICT_OBJC_MSGSEND = YES;
				GCC_C_LANGUAGE_STANDARD = gnu11;
				GCC_NO_COMMON_BLOCKS = YES;
				GCC_WARN_64_TO_32_BIT_CONVERSION = YES;
				GCC_WARN_ABOUT_RETURN_TYPE = YES_ERROR;
				GCC_WARN_UNDECLARED_SELECTOR = YES;
				GCC_WARN_UNINITIALIZED_AUTOS = YES_AGGRESSIVE;
				GCC_WARN_UNUSED_FUNCTION = YES;
				GCC_WARN_UNUSED_VARIABLE = YES;
				MACOSX_DEPLOYMENT_TARGET = 10.15;
				MTL_ENABLE_DEBUG_INFO = NO;
				MTL_FAST_MATH = YES;
				SDKROOT = macosx;
				SWIFT_COMPILATION_MODE = wholemodule;
				SWIFT_OPTIMIZATION_LEVEL = "-O";
			};
			name = Release;
		};
		4305309B24818F400010BDF0 /* Debug */ = {
			isa = XCBuildConfiguration;
			baseConfigurationReference = 7928BFCD065402B3FF12F624 /* Pods-Disce.debug.xcconfig */;
			buildSettings = {
				ASSETCATALOG_COMPILER_APPICON_NAME = AppIcon;
				CODE_SIGN_ENTITLEMENTS = Disce/Disce.entitlements;
				CODE_SIGN_IDENTITY = "-";
				CODE_SIGN_STYLE = Automatic;
				COMBINE_HIDPI_IMAGES = YES;
				DEVELOPMENT_ASSET_PATHS = "\"Disce/Preview Content\"";
				ENABLE_PREVIEWS = YES;
				INFOPLIST_FILE = Disce/Info.plist;
				LD_RUNPATH_SEARCH_PATHS = (
					"$(inherited)",
					"@executable_path/../Frameworks",
				);
				MACOSX_DEPLOYMENT_TARGET = 10.15;
				PRODUCT_BUNDLE_IDENTIFIER = com.PolyNexus.Disce;
				PRODUCT_NAME = "$(TARGET_NAME)";
				SWIFT_VERSION = 5.0;
			};
			name = Debug;
		};
		4305309C24818F400010BDF0 /* Release */ = {
			isa = XCBuildConfiguration;
			baseConfigurationReference = 448CDC86D97B9230A995F914 /* Pods-Disce.release.xcconfig */;
			buildSettings = {
				ASSETCATALOG_COMPILER_APPICON_NAME = AppIcon;
				CODE_SIGN_ENTITLEMENTS = Disce/Disce.entitlements;
				CODE_SIGN_IDENTITY = "-";
				CODE_SIGN_STYLE = Automatic;
				COMBINE_HIDPI_IMAGES = YES;
				DEVELOPMENT_ASSET_PATHS = "\"Disce/Preview Content\"";
				ENABLE_PREVIEWS = YES;
				INFOPLIST_FILE = Disce/Info.plist;
				LD_RUNPATH_SEARCH_PATHS = (
					"$(inherited)",
					"@executable_path/../Frameworks",
				);
				MACOSX_DEPLOYMENT_TARGET = 10.15;
				PRODUCT_BUNDLE_IDENTIFIER = com.PolyNexus.Disce;
				PRODUCT_NAME = "$(TARGET_NAME)";
				SWIFT_VERSION = 5.0;
			};
			name = Release;
		};
/* End XCBuildConfiguration section */

/* Begin XCConfigurationList section */
		4305308224818F3C0010BDF0 /* Build configuration list for PBXProject "Disce" */ = {
			isa = XCConfigurationList;
			buildConfigurations = (
				4305309824818F400010BDF0 /* Debug */,
				4305309924818F400010BDF0 /* Release */,
			);
			defaultConfigurationIsVisible = 0;
			defaultConfigurationName = Debug;
		};
		4305309A24818F400010BDF0 /* Build configuration list for PBXNativeTarget "Disce" */ = {
			isa = XCConfigurationList;
			buildConfigurations = (
				4305309B24818F400010BDF0 /* Debug */,
				4305309C24818F400010BDF0 /* Release */,
			);
			defaultConfigurationIsVisible = 0;
			defaultConfigurationName = Debug;
		};
/* End XCConfigurationList section */

/* Begin XCRemoteSwiftPackageReference section */
		430530B924821A6B0010BDF0 /* XCRemoteSwiftPackageReference "url-image" */ = {
			isa = XCRemoteSwiftPackageReference;
			repositoryURL = "https://github.com/dmytro-anokhin/url-image.git";
			requirement = {
				kind = upToNextMajorVersion;
				minimumVersion = 0.9.15;
			};
		};
		430530BC24821BD10010BDF0 /* XCRemoteSwiftPackageReference "SDWebImageSwiftUI" */ = {
			isa = XCRemoteSwiftPackageReference;
			repositoryURL = "https://github.com/SDWebImage/SDWebImageSwiftUI";
			requirement = {
				kind = upToNextMajorVersion;
				minimumVersion = 1.4.0;
			};
		};
/* End XCRemoteSwiftPackageReference section */

/* Begin XCSwiftPackageProductDependency section */
		430530BA24821A6C0010BDF0 /* URLImage */ = {
			isa = XCSwiftPackageProductDependency;
			package = 430530B924821A6B0010BDF0 /* XCRemoteSwiftPackageReference "url-image" */;
			productName = URLImage;
		};
		430530BD24821BD10010BDF0 /* SDWebImageSwiftUI */ = {
			isa = XCSwiftPackageProductDependency;
			package = 430530BC24821BD10010BDF0 /* XCRemoteSwiftPackageReference "SDWebImageSwiftUI" */;
			productName = SDWebImageSwiftUI;
		};
/* End XCSwiftPackageProductDependency section */
	};
	rootObject = 4305307F24818F3C0010BDF0 /* Project object */;
}
